# This file is automatically @generated by Cargo.
# It is not intended for manual editing.
version = 4

[[package]]
name = "vlmcsd-crypto"
version = "0.1.0"
dependencies = [
 "vlmcsd-types",
]

[[package]]
name = "vlmcsd-kmsdata"
version = "0.1.0"
dependencies = [
 "vlmcsd-types",
]

[[package]]
name = "vlmcsd-network"
version = "0.1.0"
dependencies = [
 "vlmcsd-kmsdata",
 "vlmcsd-rpc",
]

[[package]]
name = "vlmcsd-protocol"
version = "0.1.0"
dependencies = [
 "vlmcsd-crypto",
 "vlmcsd-kmsdata",
 "vlmcsd-types",
]

[[package]]
name = "vlmcsd-rpc"
version = "0.1.0"
dependencies = [
 "vlmcsd-kmsdata",
 "vlmcsd-protocol",
 "vlmcsd-types",
]

[[package]]
name = "vlmcsd-server"
version = "0.1.0"
dependencies = [
 "vlmcsd-kmsdata",
 "vlmcsd-network",
 "vlmcsd-protocol",
]

[[package]]
name = "vlmcsd-types"
version = "0.1.0"
